lockfileVersion: 5.3

specifiers:
  '@booji/types': 0.0.6
  tslib: 2.3.1

dependencies:
  tslib: 2.3.1

devDependencies:
  '@booji/types': link:../types

packages:

  /tslib/2.3.1:
    resolution: {integrity: sha512-77EbyPPpMz+FRFRuAFlWMtmgUWGe9UOG2Z25NqCwiIjRhOf5iKGuzSe5P2w1laq+FkRy4p+PCuVkJSGkzTEKVw==}
    dev: false
